
Microsoft Visual Studio Solution File, Format Version 12.00
Project("{FAE04EC0-301F-11D3-BF4B-00C04F79EFBC}") = "Tools", "Tools\Tools.csproj", "{429536DB-9E9F-43A8-B067-F77165E8FE32}"
EndProject
Project("{FAE04EC0-301F-11D3-BF4B-00C04F79EFBC}") = "Zinc", "Zinc\Zinc.csproj", "{F27149D3-28C0-4946-8E93-8FB24866CDFC}"
EndProject
Global
	GlobalSection(SolutionConfigurationPlatforms) = preSolution
		Debug|Any CPU = Debug|Any CPU
		Release|Any CPU = Release|Any CPU
	EndGlobalSection
	GlobalSection(ProjectConfigurationPlatforms) = postSolution
		{429536DB-9E9F-43A8-B067-F77165E8FE32}.Debug|Any CPU.ActiveCfg = Debug|Any CPU
		{429536DB-9E9F-43A8-B067-F77165E8FE32}.Debug|Any CPU.Build.0 = Debug|Any CPU
		{429536DB-9E9F-43A8-B067-F77165E8FE32}.Release|Any CPU.ActiveCfg = Release|Any CPU
		{429536DB-9E9F-43A8-B067-F77165E8FE32}.Release|Any CPU.Build.0 = Release|Any CPU
		{F27149D3-28C0-4946-8E93-8FB24866CDFC}.Debug|Any CPU.ActiveCfg = Debug|Any CPU
		{F27149D3-28C0-4946-8E93-8FB24866CDFC}.Debug|Any CPU.Build.0 = Debug|Any CPU
		{F27149D3-28C0-4946-8E93-8FB24866CDFC}.Release|Any CPU.ActiveCfg = Release|Any CPU
		{F27149D3-28C0-4946-8E93-8FB24866CDFC}.Release|Any CPU.Build.0 = Release|Any CPU
	EndGlobalSection
EndGlobal
