
Microsoft Visual Studio Solution File, Format Version 12.00
Project("{FAE04EC0-301F-11D3-BF4B-00C04F79EFBC}") = "Zinc", "Zinc.csproj", "{C432F6A9-EC76-47E7-BA90-B6DADB293004}"
EndProject
Global
	GlobalSection(SolutionConfigurationPlatforms) = preSolution
		Debug|Any CPU = Debug|Any CPU
		Release|Any CPU = Release|Any CPU
	EndGlobalSection
	GlobalSection(ProjectConfigurationPlatforms) = postSolution
		{C432F6A9-EC76-47E7-BA90-B6DADB293004}.Debug|Any CPU.ActiveCfg = Debug|Any CPU
		{C432F6A9-EC76-47E7-BA90-B6DADB293004}.Debug|Any CPU.Build.0 = Debug|Any CPU
		{C432F6A9-EC76-47E7-BA90-B6DADB293004}.Release|Any CPU.ActiveCfg = Release|Any CPU
		{C432F6A9-EC76-47E7-BA90-B6DADB293004}.Release|Any CPU.Build.0 = Release|Any CPU
	EndGlobalSection
EndGlobal
